
Microsoft Visual Studio Solution File, Format Version 12.00
# Visual Studio 15
VisualStudioVersion = 15.0.28307.329
MinimumVisualStudioVersion = 10.0.40219.1
Project("{FAE04EC0-301F-11D3-BF4B-00C04F79EFBC}") = "Departments", "Department\Departments.csproj", "{6074AF20-A22A-4BF5-BB1A-3DBE55A26BE0}"
EndProject
Global
	GlobalSection(SolutionConfigurationPlatforms) = preSolution
		Debug|Any CPU = Debug|Any CPU
		Release|Any CPU = Release|Any CPU
	EndGlobalSection
	GlobalSection(ProjectConfigurationPlatforms) = postSolution
		{6074AF20-A22A-4BF5-BB1A-3DBE55A26BE0}.Debug|Any CPU.ActiveCfg = Debug|Any CPU
		{6074AF20-A22A-4BF5-BB1A-3DBE55A26BE0}.Debug|Any CPU.Build.0 = Debug|Any CPU
		{6074AF20-A22A-4BF5-BB1A-3DBE55A26BE0}.Release|Any CPU.ActiveCfg = Release|Any CPU
		{6074AF20-A22A-4BF5-BB1A-3DBE55A26BE0}.Release|Any CPU.Build.0 = Release|Any CPU
	EndGlobalSection
	GlobalSection(SolutionProperties) = preSolution
		HideSolutionNode = FALSE
	EndGlobalSection
	GlobalSection(ExtensibilityGlobals) = postSolution
		SolutionGuid = {98643D63-A42D-4835-AFA2-A38302A4E25B}
	EndGlobalSection
EndGlobal
